// !$*UTF8*$!
{
	archiveVersion = 1;
	classes = {
	};
	objectVersion = 56;
	objects = {

/* Begin PBXBuildFile section */
		A10000000000000000000001 /* SwipeMailApp.swift in Sources */ = {isa = PBXBuildFile; fileRef = A10000000000000000000011 /* SwipeMailApp.swift */; };
		A10000000000000000000002 /* FeatureScaffold.swift in Sources */ = {isa = PBXBuildFile; fileRef = A10000000000000000000012 /* FeatureScaffold.swift */; };
		A10000000000000000000003 /* ServiceScaffold.swift in Sources */ = {isa = PBXBuildFile; fileRef = A10000000000000000000013 /* ServiceScaffold.swift */; };
		A10000000000000000000004 /* ModelScaffold.swift in Sources */ = {isa = PBXBuildFile; fileRef = A10000000000000000000014 /* ModelScaffold.swift */; };
		A10000000000000000000005 /* InfrastructureScaffold.swift in Sources */ = {isa = PBXBuildFile; fileRef = A10000000000000000000015 /* InfrastructureScaffold.swift */; };
		A10000000000000000000006 /* DesignSystemScaffold.swift in Sources */ = {isa = PBXBuildFile; fileRef = A10000000000000000000016 /* DesignSystemScaffold.swift */; };
		A10000000000000000000007 /* AppEnvironment.swift in Sources */ = {isa = PBXBuildFile; fileRef = A10000000000000000000018 /* AppEnvironment.swift */; };
		A10000000000000000000008 /* AppSessionController.swift in Sources */ = {isa = PBXBuildFile; fileRef = A1000000000000000000001B /* AppSessionController.swift */; };
		A10000000000000000000009 /* OnboardingView.swift in Sources */ = {isa = PBXBuildFile; fileRef = A1000000000000000000001C /* OnboardingView.swift */; };
		A1000000000000000000000A /* InboxPlaceholderView.swift in Sources */ = {isa = PBXBuildFile; fileRef = A1000000000000000000001D /* InboxPlaceholderView.swift */; };
		A1000000000000000000000B /* AuthSession.swift in Sources */ = {isa = PBXBuildFile; fileRef = A1000000000000000000001E /* AuthSession.swift */; };
		A1000000000000000000000C /* SessionTokenStore.swift in Sources */ = {isa = PBXBuildFile; fileRef = A1000000000000000000001F /* SessionTokenStore.swift */; };
		A1000000000000000000000D /* AppDependencies.swift in Sources */ = {isa = PBXBuildFile; fileRef = A10000000000000000000027 /* AppDependencies.swift */; };
		A1000000000000000000000E /* AuthService.swift in Sources */ = {isa = PBXBuildFile; fileRef = A10000000000000000000028 /* AuthService.swift */; };
		A1000000000000000000000F /* GmailService.swift in Sources */ = {isa = PBXBuildFile; fileRef = A10000000000000000000029 /* GmailService.swift */; };
		A10000000000000000000070 /* QueueService.swift in Sources */ = {isa = PBXBuildFile; fileRef = A1000000000000000000002A /* QueueService.swift */; };
		A10000000000000000000071 /* SyncEngine.swift in Sources */ = {isa = PBXBuildFile; fileRef = A1000000000000000000002B /* SyncEngine.swift */; };
		A10000000000000000000072 /* GmailMessage.swift in Sources */ = {isa = PBXBuildFile; fileRef = A1000000000000000000002C /* GmailMessage.swift */; };
		A10000000000000000000073 /* SwipeAction.swift in Sources */ = {isa = PBXBuildFile; fileRef = A1000000000000000000002D /* SwipeAction.swift */; };
		A10000000000000000000074 /* AppError.swift in Sources */ = {isa = PBXBuildFile; fileRef = A1000000000000000000002E /* AppError.swift */; };
		A10000000000000000000075 /* InboxViewState.swift in Sources */ = {isa = PBXBuildFile; fileRef = A1000000000000000000002F /* InboxViewState.swift */; };
		A10000000000000000000076 /* StatusBanner.swift in Sources */ = {isa = PBXBuildFile; fileRef = A10000000000000000000039 /* StatusBanner.swift */; };
		A10000000000000000000077 /* AppLogger.swift in Sources */ = {isa = PBXBuildFile; fileRef = A1000000000000000000003A /* AppLogger.swift */; };
		A10000000000000000000078 /* AnalyticsService.swift in Sources */ = {isa = PBXBuildFile; fileRef = A1000000000000000000003B /* AnalyticsService.swift */; };
		A10000000000000000000079 /* AppAuth in Frameworks */ = {isa = PBXBuildFile; productRef = A1000000000000000000003D /* AppAuth */; };
		A1000000000000000000007A /* AuthProvider.swift in Sources */ = {isa = PBXBuildFile; fileRef = A1000000000000000000003E /* AuthProvider.swift */; };
		A1000000000000000000007B /* AuthProviderRouter.swift in Sources */ = {isa = PBXBuildFile; fileRef = A1000000000000000000003F /* AuthProviderRouter.swift */; };
		A1000000000000000000007C /* OAuthCoordinator.swift in Sources */ = {isa = PBXBuildFile; fileRef = A10000000000000000000080 /* OAuthCoordinator.swift */; };
		A1000000000000000000007D /* AuthFlowError.swift in Sources */ = {isa = PBXBuildFile; fileRef = A10000000000000000000081 /* AuthFlowError.swift */; };
		DBBA4A132F7A3F6000D206E9 /* ConnectivityMonitor.swift in Sources */ = {isa = PBXBuildFile; fileRef = DBBA4A122F7A3F6000D206E9 /* ConnectivityMonitor.swift */; };
/* End PBXBuildFile section */

/* Begin PBXFileReference section */
		A10000000000000000000010 /* SwipeMail.app */ = {isa = PBXFileReference; explicitFileType = wrapper.application; includeInIndex = 0; path = SwipeMail.app; sourceTree = BUILT_PRODUCTS_DIR; };
		A10000000000000000000011 /* SwipeMailApp.swift */ = {isa = PBXFileReference; lastKnownFileType = sourcecode.swift; path = SwipeMailApp.swift; sourceTree = "<group>"; };
		A10000000000000000000012 /* FeatureScaffold.swift */ = {isa = PBXFileReference; lastKnownFileType = sourcecode.swift; path = FeatureScaffold.swift; sourceTree = "<group>"; };
		A10000000000000000000013 /* ServiceScaffold.swift */ = {isa = PBXFileReference; lastKnownFileType = sourcecode.swift; path = ServiceScaffold.swift; sourceTree = "<group>"; };
		A10000000000000000000014 /* ModelScaffold.swift */ = {isa = PBXFileReference; lastKnownFileType = sourcecode.swift; path = ModelScaffold.swift; sourceTree = "<group>"; };
		A10000000000000000000015 /* InfrastructureScaffold.swift */ = {isa = PBXFileReference; lastKnownFileType = sourcecode.swift; path = InfrastructureScaffold.swift; sourceTree = "<group>"; };
		A10000000000000000000016 /* DesignSystemScaffold.swift */ = {isa = PBXFileReference; lastKnownFileType = sourcecode.swift; path = DesignSystemScaffold.swift; sourceTree = "<group>"; };
		A10000000000000000000017 /* Info.plist */ = {isa = PBXFileReference; lastKnownFileType = text.plist.xml; path = Info.plist; sourceTree = "<group>"; };
		A10000000000000000000018 /* AppEnvironment.swift */ = {isa = PBXFileReference; lastKnownFileType = sourcecode.swift; path = AppEnvironment.swift; sourceTree = "<group>"; };
		A10000000000000000000019 /* Debug.xcconfig */ = {isa = PBXFileReference; lastKnownFileType = text.xcconfig; path = Debug.xcconfig; sourceTree = "<group>"; };
		A1000000000000000000001A /* Release.xcconfig */ = {isa = PBXFileReference; lastKnownFileType = text.xcconfig; path = Release.xcconfig; sourceTree = "<group>"; };
		A1000000000000000000001B /* AppSessionController.swift */ = {isa = PBXFileReference; lastKnownFileType = sourcecode.swift; path = AppSessionController.swift; sourceTree = "<group>"; };
		A1000000000000000000001C /* OnboardingView.swift */ = {isa = PBXFileReference; lastKnownFileType = sourcecode.swift; path = OnboardingView.swift; sourceTree = "<group>"; };
		A1000000000000000000001D /* InboxPlaceholderView.swift */ = {isa = PBXFileReference; lastKnownFileType = sourcecode.swift; path = InboxPlaceholderView.swift; sourceTree = "<group>"; };
		A1000000000000000000001E /* AuthSession.swift */ = {isa = PBXFileReference; lastKnownFileType = sourcecode.swift; path = AuthSession.swift; sourceTree = "<group>"; };
		A1000000000000000000001F /* SessionTokenStore.swift */ = {isa = PBXFileReference; lastKnownFileType = sourcecode.swift; path = SessionTokenStore.swift; sourceTree = "<group>"; };
		A10000000000000000000027 /* AppDependencies.swift */ = {isa = PBXFileReference; lastKnownFileType = sourcecode.swift; path = AppDependencies.swift; sourceTree = "<group>"; };
		A10000000000000000000028 /* AuthService.swift */ = {isa = PBXFileReference; lastKnownFileType = sourcecode.swift; path = AuthService.swift; sourceTree = "<group>"; };
		A10000000000000000000029 /* GmailService.swift */ = {isa = PBXFileReference; lastKnownFileType = sourcecode.swift; path = GmailService.swift; sourceTree = "<group>"; };
		A1000000000000000000002A /* QueueService.swift */ = {isa = PBXFileReference; lastKnownFileType = sourcecode.swift; path = QueueService.swift; sourceTree = "<group>"; };
		A1000000000000000000002B /* SyncEngine.swift */ = {isa = PBXFileReference; lastKnownFileType = sourcecode.swift; path = SyncEngine.swift; sourceTree = "<group>"; };
		A1000000000000000000002C /* GmailMessage.swift */ = {isa = PBXFileReference; lastKnownFileType = sourcecode.swift; path = GmailMessage.swift; sourceTree = "<group>"; };
		A1000000000000000000002D /* SwipeAction.swift */ = {isa = PBXFileReference; lastKnownFileType = sourcecode.swift; path = SwipeAction.swift; sourceTree = "<group>"; };
		A1000000000000000000002E /* AppError.swift */ = {isa = PBXFileReference; lastKnownFileType = sourcecode.swift; path = AppError.swift; sourceTree = "<group>"; };
		A1000000000000000000002F /* InboxViewState.swift */ = {isa = PBXFileReference; lastKnownFileType = sourcecode.swift; path = InboxViewState.swift; sourceTree = "<group>"; };
		A10000000000000000000039 /* StatusBanner.swift */ = {isa = PBXFileReference; lastKnownFileType = sourcecode.swift; path = StatusBanner.swift; sourceTree = "<group>"; };
		A1000000000000000000003A /* AppLogger.swift */ = {isa = PBXFileReference; lastKnownFileType = sourcecode.swift; path = AppLogger.swift; sourceTree = "<group>"; };
		A1000000000000000000003B /* AnalyticsService.swift */ = {isa = PBXFileReference; lastKnownFileType = sourcecode.swift; path = AnalyticsService.swift; sourceTree = "<group>"; };
		A1000000000000000000003E /* AuthProvider.swift */ = {isa = PBXFileReference; lastKnownFileType = sourcecode.swift; path = AuthProvider.swift; sourceTree = "<group>"; };
		A1000000000000000000003F /* AuthProviderRouter.swift */ = {isa = PBXFileReference; lastKnownFileType = sourcecode.swift; path = AuthProviderRouter.swift; sourceTree = "<group>"; };
		A10000000000000000000080 /* OAuthCoordinator.swift */ = {isa = PBXFileReference; lastKnownFileType = sourcecode.swift; path = OAuthCoordinator.swift; sourceTree = "<group>"; };
		A10000000000000000000081 /* AuthFlowError.swift */ = {isa = PBXFileReference; lastKnownFileType = sourcecode.swift; path = AuthFlowError.swift; sourceTree = "<group>"; };
		DBBA4A122F7A3F6000D206E9 /* ConnectivityMonitor.swift */ = {isa = PBXFileReference; lastKnownFileType = sourcecode.swift; path = ConnectivityMonitor.swift; sourceTree = "<group>"; };
/* End PBXFileReference section */

/* Begin PBXFrameworksBuildPhase section */
		A10000000000000000000020 /* Frameworks */ = {
			isa = PBXFrameworksBuildPhase;
			buildActionMask = 2147483647;
			files = (
				A10000000000000000000079 /* AppAuth in Frameworks */,
			);
			runOnlyForDeploymentPostprocessing = 0;
		};
/* End PBXFrameworksBuildPhase section */

/* Begin PBXGroup section */
		A10000000000000000000030 = {
			isa = PBXGroup;
			children = (
				A10000000000000000000031 /* App */,
				A10000000000000000000032 /* Features */,
				A10000000000000000000033 /* Services */,
				A10000000000000000000034 /* Models */,
				A10000000000000000000035 /* Infrastructure */,
				A10000000000000000000036 /* DesignSystem */,
				A10000000000000000000038 /* Config */,
				A10000000000000000000037 /* Products */,
			);
			sourceTree = "<group>";
		};
		A10000000000000000000031 /* App */ = {
			isa = PBXGroup;
			children = (
				A10000000000000000000011 /* SwipeMailApp.swift */,
				A10000000000000000000027 /* AppDependencies.swift */,
				A1000000000000000000001B /* AppSessionController.swift */,
				A10000000000000000000017 /* Info.plist */,
			);
			path = App;
			sourceTree = "<group>";
		};
		A10000000000000000000032 /* Features */ = {
			isa = PBXGroup;
			children = (
				A10000000000000000000012 /* FeatureScaffold.swift */,
				A1000000000000000000001C /* OnboardingView.swift */,
				A1000000000000000000001D /* InboxPlaceholderView.swift */,
			);
			path = Features;
			sourceTree = "<group>";
		};
		A10000000000000000000033 /* Services */ = {
			isa = PBXGroup;
			children = (
				A10000000000000000000013 /* ServiceScaffold.swift */,
				A10000000000000000000028 /* AuthService.swift */,
				A10000000000000000000029 /* GmailService.swift */,
				A1000000000000000000002A /* QueueService.swift */,
				A1000000000000000000002B /* SyncEngine.swift */,
				A1000000000000000000003F /* AuthProviderRouter.swift */,
			);
			path = Services;
			sourceTree = "<group>";
		};
		A10000000000000000000034 /* Models */ = {
			isa = PBXGroup;
			children = (
				A10000000000000000000014 /* ModelScaffold.swift */,
				A1000000000000000000001E /* AuthSession.swift */,
				A1000000000000000000002C /* GmailMessage.swift */,
				A1000000000000000000002D /* SwipeAction.swift */,
				A1000000000000000000002E /* AppError.swift */,
				A1000000000000000000002F /* InboxViewState.swift */,
				A1000000000000000000003E /* AuthProvider.swift */,
				A10000000000000000000081 /* AuthFlowError.swift */,
			);
			path = Models;
			sourceTree = "<group>";
		};
		A10000000000000000000035 /* Infrastructure */ = {
			isa = PBXGroup;
			children = (
				A10000000000000000000018 /* AppEnvironment.swift */,
				A10000000000000000000015 /* InfrastructureScaffold.swift */,
				A1000000000000000000001F /* SessionTokenStore.swift */,
				A1000000000000000000003A /* AppLogger.swift */,
				A1000000000000000000003B /* AnalyticsService.swift */,
				A10000000000000000000080 /* OAuthCoordinator.swift */,
				DBBA4A122F7A3F6000D206E9 /* ConnectivityMonitor.swift */,
			);
			path = Infrastructure;
			sourceTree = "<group>";
		};
		A10000000000000000000036 /* DesignSystem */ = {
			isa = PBXGroup;
			children = (
				A10000000000000000000016 /* DesignSystemScaffold.swift */,
				A10000000000000000000039 /* StatusBanner.swift */,
			);
			path = DesignSystem;
			sourceTree = "<group>";
		};
		A10000000000000000000037 /* Products */ = {
			isa = PBXGroup;
			children = (
				A10000000000000000000010 /* SwipeMail.app */,
			);
			name = Products;
			sourceTree = "<group>";
		};
		A10000000000000000000038 /* Config */ = {
			isa = PBXGroup;
			children = (
				A10000000000000000000019 /* Debug.xcconfig */,
				A1000000000000000000001A /* Release.xcconfig */,
			);
			path = Config;
			sourceTree = "<group>";
		};
/* End PBXGroup section */

/* Begin PBXNativeTarget section */
		A10000000000000000000040 /* SwipeMail */ = {
			isa = PBXNativeTarget;
			buildConfigurationList = A10000000000000000000050 /* Build configuration list for PBXNativeTarget "SwipeMail" */;
			buildPhases = (
				A10000000000000000000021 /* Sources */,
				A10000000000000000000020 /* Frameworks */,
				A10000000000000000000022 /* Resources */,
			);
			buildRules = (
			);
			dependencies = (
			);
			name = SwipeMail;
			packageProductDependencies = (
				A1000000000000000000003D /* AppAuth */,
			);
			productName = SwipeMail;
			productReference = A10000000000000000000010 /* SwipeMail.app */;
			productType = "com.apple.product-type.application";
		};
/* End PBXNativeTarget section */

/* Begin PBXProject section */
		A10000000000000000000041 /* Project object */ = {
			isa = PBXProject;
			attributes = {
				BuildIndependentTargetsInParallel = 1;
				LastSwiftUpdateCheck = 1600;
				LastUpgradeCheck = 2640;
				TargetAttributes = {
					A10000000000000000000040 = {
						CreatedOnToolsVersion = 16.0;
					};
				};
			};
			buildConfigurationList = A10000000000000000000051 /* Build configuration list for PBXProject "SwipeMail" */;
			compatibilityVersion = "Xcode 14.0";
			developmentRegion = en;
			hasScannedForEncodings = 0;
			knownRegions = (
				en,
				Base,
			);
			mainGroup = A10000000000000000000030;
			packageReferences = (
				A1000000000000000000003C /* XCRemoteSwiftPackageReference "AppAuth-iOS" */,
			);
			productRefGroup = A10000000000000000000037 /* Products */;
			projectDirPath = "";
			projectRoot = "";
			targets = (
				A10000000000000000000040 /* SwipeMail */,
			);
		};
/* End PBXProject section */

/* Begin PBXResourcesBuildPhase section */
		A10000000000000000000022 /* Resources */ = {
			isa = PBXResourcesBuildPhase;
			buildActionMask = 2147483647;
			files = (
			);
			runOnlyForDeploymentPostprocessing = 0;
		};
/* End PBXResourcesBuildPhase section */

/* Begin PBXSourcesBuildPhase section */
		A10000000000000000000021 /* Sources */ = {
			isa = PBXSourcesBuildPhase;
			buildActionMask = 2147483647;
			files = (
				A10000000000000000000001 /* SwipeMailApp.swift in Sources */,
				A10000000000000000000002 /* FeatureScaffold.swift in Sources */,
				A10000000000000000000003 /* ServiceScaffold.swift in Sources */,
				A10000000000000000000004 /* ModelScaffold.swift in Sources */,
				A10000000000000000000005 /* InfrastructureScaffold.swift in Sources */,
				A10000000000000000000006 /* DesignSystemScaffold.swift in Sources */,
				DBBA4A132F7A3F6000D206E9 /* ConnectivityMonitor.swift in Sources */,
				A10000000000000000000007 /* AppEnvironment.swift in Sources */,
				A10000000000000000000008 /* AppSessionController.swift in Sources */,
				A10000000000000000000009 /* OnboardingView.swift in Sources */,
				A1000000000000000000000A /* InboxPlaceholderView.swift in Sources */,
				A1000000000000000000000B /* AuthSession.swift in Sources */,
				A1000000000000000000000C /* SessionTokenStore.swift in Sources */,
				A1000000000000000000000D /* AppDependencies.swift in Sources */,
				A1000000000000000000000E /* AuthService.swift in Sources */,
				A1000000000000000000000F /* GmailService.swift in Sources */,
				A10000000000000000000070 /* QueueService.swift in Sources */,
				A10000000000000000000071 /* SyncEngine.swift in Sources */,
				A10000000000000000000072 /* GmailMessage.swift in Sources */,
				A10000000000000000000073 /* SwipeAction.swift in Sources */,
				A10000000000000000000074 /* AppError.swift in Sources */,
				A10000000000000000000075 /* InboxViewState.swift in Sources */,
				A10000000000000000000076 /* StatusBanner.swift in Sources */,
				A10000000000000000000077 /* AppLogger.swift in Sources */,
				A10000000000000000000078 /* AnalyticsService.swift in Sources */,
				A1000000000000000000007A /* AuthProvider.swift in Sources */,
				A1000000000000000000007B /* AuthProviderRouter.swift in Sources */,
				A1000000000000000000007C /* OAuthCoordinator.swift in Sources */,
				A1000000000000000000007D /* AuthFlowError.swift in Sources */,
			);
			runOnlyForDeploymentPostprocessing = 0;
		};
/* End PBXSourcesBuildPhase section */

/* Begin XCBuildConfiguration section */
		A10000000000000000000060 /* Debug */ = {
			isa = XCBuildConfiguration;
			baseConfigurationReference = A10000000000000000000019 /* Debug.xcconfig */;
			buildSettings = {
				ASSETCATALOG_COMPILER_APPICON_NAME = AppIcon;
				CLANG_ENABLE_MODULES = YES;
				CURRENT_PROJECT_VERSION = 1;
				GENERATE_INFOPLIST_FILE = NO;
				INFOPLIST_FILE = App/Info.plist;
				IPHONEOS_DEPLOYMENT_TARGET = 17.0;
				LD_RUNPATH_SEARCH_PATHS = (
					"$(inherited)",
					"@executable_path/Frameworks",
				);
				MARKETING_VERSION = 1.0;
				ONLY_ACTIVE_ARCH = YES;
				PRODUCT_NAME = "$(TARGET_NAME)";
				SDKROOT = iphoneos;
				SUPPORTED_PLATFORMS = "iphoneos iphonesimulator";
				SWIFT_EMIT_LOC_STRINGS = YES;
				SWIFT_VERSION = 5.0;
				TARGETED_DEVICE_FAMILY = 1;
			};
			name = Debug;
		};
		A10000000000000000000061 /* Release */ = {
			isa = XCBuildConfiguration;
			baseConfigurationReference = A1000000000000000000001A /* Release.xcconfig */;
			buildSettings = {
				ASSETCATALOG_COMPILER_APPICON_NAME = AppIcon;
				CLANG_ENABLE_MODULES = YES;
				CURRENT_PROJECT_VERSION = 1;
				GENERATE_INFOPLIST_FILE = NO;
				INFOPLIST_FILE = App/Info.plist;
				IPHONEOS_DEPLOYMENT_TARGET = 17.0;
				LD_RUNPATH_SEARCH_PATHS = (
					"$(inherited)",
					"@executable_path/Frameworks",
				);
				MARKETING_VERSION = 1.0;
				PRODUCT_BUNDLE_IDENTIFIER = com.swipemail.app;
				PRODUCT_NAME = "$(TARGET_NAME)";
				SDKROOT = iphoneos;
				SUPPORTED_PLATFORMS = "iphoneos iphonesimulator";
				SWIFT_EMIT_LOC_STRINGS = YES;
				SWIFT_VERSION = 5.0;
				TARGETED_DEVICE_FAMILY = 1;
			};
			name = Release;
		};
		A10000000000000000000062 /* Debug */ = {
			isa = XCBuildConfiguration;
			buildSettings = {
				ALWAYS_SEARCH_USER_PATHS = NO;
				CLANG_ENABLE_MODULES = YES;
				CLANG_ENABLE_OBJC_ARC = YES;
				CLANG_WARN_BLOCK_CAPTURE_AUTORELEASING = YES;
				CLANG_WARN_BOOL_CONVERSION = YES;
				CLANG_WARN_COMMA = YES;
				CLANG_WARN_CONSTANT_CONVERSION = YES;
				CLANG_WARN_DEPRECATED_OBJC_IMPLEMENTATIONS = YES;
				CLANG_WARN_EMPTY_BODY = YES;
				CLANG_WARN_ENUM_CONVERSION = YES;
				CLANG_WARN_INFINITE_RECURSION = YES;
				CLANG_WARN_INT_CONVERSION = YES;
				CLANG_WARN_NON_LITERAL_NULL_CONVERSION = YES;
				CLANG_WARN_OBJC_IMPLICIT_RETAIN_SELF = YES;
				CLANG_WARN_OBJC_LITERAL_CONVERSION = YES;
				CLANG_WARN_QUOTED_INCLUDE_IN_FRAMEWORK_HEADER = YES;
				CLANG_WARN_RANGE_LOOP_ANALYSIS = YES;
				CLANG_WARN_STRICT_PROTOTYPES = YES;
				CLANG_WARN_SUSPICIOUS_MOVE = YES;
				CLANG_WARN_UNREACHABLE_CODE = YES;
				CLANG_WARN__DUPLICATE_METHOD_MATCH = YES;
				COPY_PHASE_STRIP = NO;
				DEAD_CODE_STRIPPING = YES;
				DEBUG_INFORMATION_FORMAT = dwarf;
				ENABLE_STRICT_OBJC_MSGSEND = YES;
				ENABLE_USER_SCRIPT_SANDBOXING = YES;
				GCC_C_LANGUAGE_STANDARD = gnu17;
				GCC_NO_COMMON_BLOCKS = YES;
				GCC_OPTIMIZATION_LEVEL = 0;
				GCC_PREPROCESSOR_DEFINITIONS = (
					"DEBUG=1",
					"$(inherited)",
				);
				GCC_WARN_64_TO_32_BIT_CONVERSION = YES;
				GCC_WARN_ABOUT_RETURN_TYPE = YES;
				GCC_WARN_UNDECLARED_SELECTOR = YES;
				GCC_WARN_UNINITIALIZED_AUTOS = YES;
				GCC_WARN_UNUSED_FUNCTION = YES;
				GCC_WARN_UNUSED_VARIABLE = YES;
				ONLY_ACTIVE_ARCH = YES;
				STRING_CATALOG_GENERATE_SYMBOLS = YES;
				SWIFT_ACTIVE_COMPILATION_CONDITIONS = "DEBUG $(inherited)";
			};
			name = Debug;
		};
		A10000000000000000000063 /* Release */ = {
			isa = XCBuildConfiguration;
			buildSettings = {
				ALWAYS_SEARCH_USER_PATHS = NO;
				CLANG_ENABLE_MODULES = YES;
				CLANG_ENABLE_OBJC_ARC = YES;
				CLANG_WARN_BLOCK_CAPTURE_AUTORELEASING = YES;
				CLANG_WARN_BOOL_CONVERSION = YES;
				CLANG_WARN_COMMA = YES;
				CLANG_WARN_CONSTANT_CONVERSION = YES;
				CLANG_WARN_DEPRECATED_OBJC_IMPLEMENTATIONS = YES;
				CLANG_WARN_EMPTY_BODY = YES;
				CLANG_WARN_ENUM_CONVERSION = YES;
				CLANG_WARN_INFINITE_RECURSION = YES;
				CLANG_WARN_INT_CONVERSION = YES;
				CLANG_WARN_NON_LITERAL_NULL_CONVERSION = YES;
				CLANG_WARN_OBJC_IMPLICIT_RETAIN_SELF = YES;
				CLANG_WARN_OBJC_LITERAL_CONVERSION = YES;
				CLANG_WARN_QUOTED_INCLUDE_IN_FRAMEWORK_HEADER = YES;
				CLANG_WARN_RANGE_LOOP_ANALYSIS = YES;
				CLANG_WARN_STRICT_PROTOTYPES = YES;
				CLANG_WARN_SUSPICIOUS_MOVE = YES;
				CLANG_WARN_UNREACHABLE_CODE = YES;
				CLANG_WARN__DUPLICATE_METHOD_MATCH = YES;
				COPY_PHASE_STRIP = NO;
				DEAD_CODE_STRIPPING = YES;
				DEBUG_INFORMATION_FORMAT = "dwarf-with-dsym";
				ENABLE_NS_ASSERTIONS = NO;
				ENABLE_STRICT_OBJC_MSGSEND = YES;
				ENABLE_USER_SCRIPT_SANDBOXING = YES;
				GCC_C_LANGUAGE_STANDARD = gnu17;
				GCC_NO_COMMON_BLOCKS = YES;
				GCC_WARN_64_TO_32_BIT_CONVERSION = YES;
				GCC_WARN_ABOUT_RETURN_TYPE = YES;
				GCC_WARN_UNDECLARED_SELECTOR = YES;
				GCC_WARN_UNINITIALIZED_AUTOS = YES;
				GCC_WARN_UNUSED_FUNCTION = YES;
				GCC_WARN_UNUSED_VARIABLE = YES;
				STRING_CATALOG_GENERATE_SYMBOLS = YES;
				SWIFT_COMPILATION_MODE = wholemodule;
			};
			name = Release;
		};
/* End XCBuildConfiguration section */

/* Begin XCConfigurationList section */
		A10000000000000000000050 /* Build configuration list for PBXNativeTarget "SwipeMail" */ = {
			isa = XCConfigurationList;
			buildConfigurations = (
				A10000000000000000000060 /* Debug */,
				A10000000000000000000061 /* Release */,
			);
			defaultConfigurationIsVisible = 0;
			defaultConfigurationName = Release;
		};
		A10000000000000000000051 /* Build configuration list for PBXProject "SwipeMail" */ = {
			isa = XCConfigurationList;
			buildConfigurations = (
				A10000000000000000000062 /* Debug */,
				A10000000000000000000063 /* Release */,
			);
			defaultConfigurationIsVisible = 0;
			defaultConfigurationName = Release;
		};
/* End XCConfigurationList section */

/* Begin XCRemoteSwiftPackageReference section */
		A1000000000000000000003C /* XCRemoteSwiftPackageReference "AppAuth-iOS" */ = {
			isa = XCRemoteSwiftPackageReference;
			repositoryURL = "https://github.com/openid/AppAuth-iOS.git";
			requirement = {
				kind = upToNextMajorVersion;
				minimumVersion = 1.7.6;
			};
		};
/* End XCRemoteSwiftPackageReference section */

/* Begin XCSwiftPackageProductDependency section */
		A1000000000000000000003D /* AppAuth */ = {
			isa = XCSwiftPackageProductDependency;
			package = A1000000000000000000003C /* XCRemoteSwiftPackageReference "AppAuth-iOS" */;
			productName = AppAuth;
		};
/* End XCSwiftPackageProductDependency section */
	};
	rootObject = A10000000000000000000041 /* Project object */;
}
